
Microsoft Visual Studio Solution File, Format Version 12.00
# Visual Studio Version 16
VisualStudioVersion = 16.0.30717.126
MinimumVisualStudioVersion = 10.0.40219.1
Project("{FAE04EC0-301F-11D3-BF4B-00C04F79EFBC}") = "CsvForSql", "CsvForSql\CsvForSql.csproj", "{F1EC97D7-B6F7-45CA-8BA4-37163CEA337D}"
EndProject
Global
	GlobalSection(SolutionConfigurationPlatforms) = preSolution
		Debug|Any CPU = Debug|Any CPU
		Release|Any CPU = Release|Any CPU
	EndGlobalSection
	GlobalSection(ProjectConfigurationPlatforms) = postSolution
		{F1EC97D7-B6F7-45CA-8BA4-37163CEA337D}.Debug|Any CPU.ActiveCfg = Debug|Any CPU
		{F1EC97D7-B6F7-45CA-8BA4-37163CEA337D}.Debug|Any CPU.Build.0 = Debug|Any CPU
		{F1EC97D7-B6F7-45CA-8BA4-37163CEA337D}.Release|Any CPU.ActiveCfg = Release|Any CPU
		{F1EC97D7-B6F7-45CA-8BA4-37163CEA337D}.Release|Any CPU.Build.0 = Release|Any CPU
	EndGlobalSection
	GlobalSection(SolutionProperties) = preSolution
		HideSolutionNode = FALSE
	EndGlobalSection
	GlobalSection(ExtensibilityGlobals) = postSolution
		SolutionGuid = {85420D7A-1472-4E20-9F16-03E70B71541A}
	EndGlobalSection
EndGlobal
